PODS:
  - Alamofire (4.8.2)
  - HandyJSON (4.2.1)
  - IBAnimatable (5.2.1)
  - Kingfisher (5.4.0)
  - SwiftTheme (0.4.4)
  - SwiftyJSON (5.0.0)

DEPENDENCIES:
  - Alamofire
  - HandyJSON
  - IBAnimatable
  - Kingfisher
  - SwiftTheme
  - SwiftyJSON

SPEC REPOS:
  https://github.com/cocoapods/specs.git:
    - Alamofire
    - HandyJSON
    - IBAnimatable
    - Kingfisher
    - SwiftTheme
    - SwiftyJSON

SPEC CHECKSUMS:
  Alamofire: ae5c501addb7afdbb13687d7f2f722c78734c2d3
  HandyJSON: d0c5fc80204f29056d59d3e5c4587fa0b16b60a8
  IBAnimatable: a46b835ec6875178516cf7e014a40194d6bfa3fc
  Kingfisher: 9c8f2cc6710334e06f32ba2b45e77707d5e2f0c9
  SwiftTheme: a381f983da92153908b7a9eeb961b18b6d94d614
  SwiftyJSON: 36413e04c44ee145039d332b4f4e2d3e8d6c4db7

PODFILE CHECKSUM: 3b45bc927a6b62c210326397a4ba79c5cad449ea

COCOAPODS: 1.6.1
